
Microsoft Visual Studio Solution File, Format Version 12.00
# Visual Studio Version 16
VisualStudioVersion = 16.0.29728.190
MinimumVisualStudioVersion = 10.0.40219.1
Project("{FAE04EC0-301F-11D3-BF4B-00C04F79EFBC}") = "PokeWhisper", "PokeWhisper\PokeWhisper.csproj", "{791D0110-15DD-4A1A-B130-B7283C500B1B}"
EndProject
Global
	GlobalSection(SolutionConfigurationPlatforms) = preSolution
		Debug|Any CPU = Debug|Any CPU
		Release|Any CPU = Release|Any CPU
	EndGlobalSection
	GlobalSection(ProjectConfigurationPlatforms) = postSolution
		{791D0110-15DD-4A1A-B130-B7283C500B1B}.Debug|Any CPU.ActiveCfg = Debug|Any CPU
		{791D0110-15DD-4A1A-B130-B7283C500B1B}.Debug|Any CPU.Build.0 = Debug|Any CPU
		{791D0110-15DD-4A1A-B130-B7283C500B1B}.Release|Any CPU.ActiveCfg = Release|Any CPU
		{791D0110-15DD-4A1A-B130-B7283C500B1B}.Release|Any CPU.Build.0 = Release|Any CPU
	EndGlobalSection
	GlobalSection(SolutionProperties) = preSolution
		HideSolutionNode = FALSE
	EndGlobalSection
	GlobalSection(ExtensibilityGlobals) = postSolution
		SolutionGuid = {B84D215A-7C34-4BFF-97D7-80E5F13739FA}
	EndGlobalSection
EndGlobal
